
Microsoft Visual Studio Solution File, Format Version 12.00
# Visual Studio Version 16
VisualStudioVersion = 16.0.28803.202
MinimumVisualStudioVersion = 10.0.40219.1
Project("{F184B08F-C81C-45F6-A57F-5ABD9991F28F}") = "calculator", "calculator\calculator.vbproj", "{CDEA2904-720A-43D1-B516-0F222057E976}"
EndProject
Global
	GlobalSection(SolutionConfigurationPlatforms) = preSolution
		Debug|Any CPU = Debug|Any CPU
		Release|Any CPU = Release|Any CPU
	EndGlobalSection
	GlobalSection(ProjectConfigurationPlatforms) = postSolution
		{CDEA2904-720A-43D1-B516-0F222057E976}.Debug|Any CPU.ActiveCfg = Debug|Any CPU
		{CDEA2904-720A-43D1-B516-0F222057E976}.Debug|Any CPU.Build.0 = Debug|Any CPU
		{CDEA2904-720A-43D1-B516-0F222057E976}.Release|Any CPU.ActiveCfg = Release|Any CPU
		{CDEA2904-720A-43D1-B516-0F222057E976}.Release|Any CPU.Build.0 = Release|Any CPU
	EndGlobalSection
	GlobalSection(SolutionProperties) = preSolution
		HideSolutionNode = FALSE
	EndGlobalSection
	GlobalSection(ExtensibilityGlobals) = postSolution
		SolutionGuid = {F2C31919-CDFD-4E33-B933-1A3B56C40CAD}
	EndGlobalSection
EndGlobal
