
Microsoft Visual Studio Solution File, Format Version 12.00
# Visual Studio Version 16
VisualStudioVersion = 16.0.28729.10
MinimumVisualStudioVersion = 10.0.40219.1
Project("{F184B08F-C81C-45F6-A57F-5ABD9991F28F}") = "math calc", "math calc\math calc.vbproj", "{2AF7A338-E10E-4AEA-9C2D-C1A80F2E078E}"
EndProject
Global
	GlobalSection(SolutionConfigurationPlatforms) = preSolution
		Debug|Any CPU = Debug|Any CPU
		Release|Any CPU = Release|Any CPU
	EndGlobalSection
	GlobalSection(ProjectConfigurationPlatforms) = postSolution
		{2AF7A338-E10E-4AEA-9C2D-C1A80F2E078E}.Debug|Any CPU.ActiveCfg = Debug|Any CPU
		{2AF7A338-E10E-4AEA-9C2D-C1A80F2E078E}.Debug|Any CPU.Build.0 = Debug|Any CPU
		{2AF7A338-E10E-4AEA-9C2D-C1A80F2E078E}.Release|Any CPU.ActiveCfg = Release|Any CPU
		{2AF7A338-E10E-4AEA-9C2D-C1A80F2E078E}.Release|Any CPU.Build.0 = Release|Any CPU
	EndGlobalSection
	GlobalSection(SolutionProperties) = preSolution
		HideSolutionNode = FALSE
	EndGlobalSection
	GlobalSection(ExtensibilityGlobals) = postSolution
		SolutionGuid = {549734F2-758E-4A73-B391-1630F2664EE8}
	EndGlobalSection
EndGlobal
